<?xml version="1.0" encoding="utf-8"?>
<Project ToolsVersion="4.0" xmlns="http://schemas.microsoft.com/developer/msbuild/2003">
  <ItemGroup>
    <Filter Include="Source Files">
      <UniqueIdentifier>{4FC737F1-C7A5-4376-A066-2A32D752A2FF}</UniqueIdentifier>
      <Extensions>cpp;c;cc;cxx;def;odl;idl;hpj;bat;asm;asmx</Extensions>
    </Filter>
    <Filter Include="Header Files">
      <UniqueIdentifier>{93995380-89BD-4b04-88EB-625FBE52EBFB}</UniqueIdentifier>
      <Extensions>h;hh;hpp;hxx;hm;inl;inc;xsd</Extensions>
    </Filter>
    <Filter Include="Resource Files">
      <UniqueIdentifier>{67DA6AB6-F800-4c08-8B7A-83BB121AAD01}</UniqueIdentifier>
      <Extensions>rc;ico;cur;bmp;dlg;rc2;rct;bin;rgs;gif;jpg;jpeg;jpe;resx;tiff;tif;png;wav;mfcribbon-ms</Extensions>
    </Filter>
    <Filter Include="Source Files\Shaders">
      <UniqueIdentifier>{58f56f67-7eaf-4e6b-a9aa-0aae352d0832}</UniqueIdentifier>
    </Filter>
    <Filter Include="Source Files\Skybox">
      <UniqueIdentifier>{f462dc5a-2872-4948-93f5-86a549938a88}</UniqueIdentifier>
    </Filter>
    <Filter Include="Source Files\Maps">
      <UniqueIdentifier>{7145ce57-91ff-410e-8416-c7038a51db5d}</UniqueIdentifier>
    </Filter>
  </ItemGroup>
  <ItemGroup>
    <ClCompile Include="Main.cpp">
      <Filter>Source Files</Filter>
    </ClCompile>
    <ClCompile Include="maths_funcs.cpp">
      <Filter>Source Files</Filter>
    </ClCompile>
    <ClCompile Include="text.cpp">
      <Filter>Source Files</Filter>
    </ClCompile>
  </ItemGroup>
  <ItemGroup>
    <None Include="Shaders\light.frag">
      <Filter>Source Files\Shaders</Filter>
    </None>
    <None Include="Shaders\light.vertex">
      <Filter>Source Files\Shaders</Filter>
    </None>
    <None Include="Shaders\Mesh.frag">
      <Filter>Source Files\Shaders</Filter>
    </None>
    <None Include="Shaders\Mesh.vertex">
      <Filter>Source Files\Shaders</Filter>
    </None>
    <None Include="Shaders\point_shadows_depth.frag">
      <Filter>Source Files\Shaders</Filter>
    </None>
    <None Include="Shaders\point_shadows_depth.geom">
      <Filter>Source Files\Shaders</Filter>
    </None>
    <None Include="Shaders\point_shadows_depth.vertex">
      <Filter>Source Files\Shaders</Filter>
    </None>
    <None Include="Shaders\skybox.frag">
      <Filter>Source Files\Shaders</Filter>
    </None>
    <None Include="Shaders\skybox.vertex">
      <Filter>Source Files\Shaders</Filter>
    </None>
  </ItemGroup>
  <ItemGroup>
    <Image Include="Skybox\back.jpg">
      <Filter>Source Files\Skybox</Filter>
    </Image>
    <Image Include="Skybox\bottom.jpg">
      <Filter>Source Files\Skybox</Filter>
    </Image>
    <Image Include="Skybox\front.jpg">
      <Filter>Source Files\Skybox</Filter>
    </Image>
    <Image Include="Skybox\left.jpg">
      <Filter>Source Files\Skybox</Filter>
    </Image>
    <Image Include="Skybox\right.jpg">
      <Filter>Source Files\Skybox</Filter>
    </Image>
    <Image Include="Skybox\top.jpg">
      <Filter>Source Files\Skybox</Filter>
    </Image>
    <Image Include="Maps\example.png">
      <Filter>Source Files\Maps</Filter>
    </Image>
    <Image Include="Maps\Map 1.png">
      <Filter>Source Files\Maps</Filter>
    </Image>
    <Image Include="Maps\map.png">
      <Filter>Source Files\Maps</Filter>
    </Image>
    <Image Include="Maps\map1 (2).png">
      <Filter>Source Files\Maps</Filter>
    </Image>
    <Image Include="Maps\testMap.png">
      <Filter>Source Files\Maps</Filter>
    </Image>
  </ItemGroup>
  <ItemGroup>
    <ClInclude Include="BasicMesh.h">
      <Filter>Source Files</Filter>
    </ClInclude>
    <ClInclude Include="BasicShapeVertices.h">
      <Filter>Source Files</Filter>
    </ClInclude>
    <ClInclude Include="Camera.h">
      <Filter>Source Files</Filter>
    </ClInclude>
    <ClInclude Include="Light.h">
      <Filter>Source Files</Filter>
    </ClInclude>
    <ClInclude Include="Map.h">
      <Filter>Source Files</Filter>
    </ClInclude>
    <ClInclude Include="maths_funcs.h">
      <Filter>Source Files</Filter>
    </ClInclude>
    <ClInclude Include="Mesh.h">
      <Filter>Source Files</Filter>
    </ClInclude>
    <ClInclude Include="Model.h">
      <Filter>Source Files</Filter>
    </ClInclude>
    <ClInclude Include="PointLight.h">
      <Filter>Source Files</Filter>
    </ClInclude>
    <ClInclude Include="Shader.h">
      <Filter>Source Files</Filter>
    </ClInclude>
    <ClInclude Include="ShadowRenderer.h">
      <Filter>Source Files</Filter>
    </ClInclude>
    <ClInclude Include="Skybox.h">
      <Filter>Source Files</Filter>
    </ClInclude>
    <ClInclude Include="stb_image.h">
      <Filter>Source Files</Filter>
    </ClInclude>
    <ClInclude Include="text.h">
      <Filter>Source Files</Filter>
    </ClInclude>
  </ItemGroup>
</Project>